{
  "requires": true,
  "lockfileVersion": 1,
  "dependencies": {
    "vue-cli-plugin-single-spa": {
      "version": "1.0.1",
      "resolved": "https://registry.npmjs.org/vue-cli-plugin-single-spa/-/vue-cli-plugin-single-spa-1.0.1.tgz",
      "integrity": "sha512-ar5ulYxKNTRq2E+bvwJYkk/4wXRITmZvCOLM55jDpNpt+sQC5+leF6UY7OR9LOnznHCaOOFDq+QAlJfCPQAOwA==",
      "dev": true
    }
  }
}
